
Microsoft Visual Studio Solution File, Format Version 12.00
# Visual Studio Version 16
VisualStudioVersion = 16.0.29306.81
MinimumVisualStudioVersion = 10.0.40219.1
Project("{9A19103F-16F7-4668-BE54-9A1E7A4F7556}") = "Horker.Notebook", "Horker.Notebook\Horker.Notebook.csproj", "{73C92821-27C6-4708-9407-2ACA5692539C}"
EndProject
Project("{9A19103F-16F7-4668-BE54-9A1E7A4F7556}") = "Horker.Notebook.App", "Horker.Notebook.App\Horker.Notebook.App.csproj", "{B172335D-3244-4721-8E9A-8E024A32C26F}"
	ProjectSection(ProjectDependencies) = postProject
		{73C92821-27C6-4708-9407-2ACA5692539C} = {73C92821-27C6-4708-9407-2ACA5692539C}
	EndProjectSection
EndProject
Project("{9A19103F-16F7-4668-BE54-9A1E7A4F7556}") = "NotebookApp", "NotebookApp\NotebookApp.csproj", "{BB94047F-0B9D-4B54-ABCC-5495592CC9EF}"
EndProject
Global
	GlobalSection(SolutionConfigurationPlatforms) = preSolution
		Debug|Any CPU = Debug|Any CPU
		Debug|x64 = Debug|x64
		Debug|x86 = Debug|x86
		Release|Any CPU = Release|Any CPU
		Release|x64 = Release|x64
		Release|x86 = Release|x86
	EndGlobalSection
	GlobalSection(ProjectConfigurationPlatforms) = postSolution
		{73C92821-27C6-4708-9407-2ACA5692539C}.Debug|Any CPU.ActiveCfg = Debug|Any CPU
		{73C92821-27C6-4708-9407-2ACA5692539C}.Debug|Any CPU.Build.0 = Debug|Any CPU
		{73C92821-27C6-4708-9407-2ACA5692539C}.Debug|x64.ActiveCfg = Debug|x64
		{73C92821-27C6-4708-9407-2ACA5692539C}.Debug|x64.Build.0 = Debug|x64
		{73C92821-27C6-4708-9407-2ACA5692539C}.Debug|x86.ActiveCfg = Debug|Any CPU
		{73C92821-27C6-4708-9407-2ACA5692539C}.Debug|x86.Build.0 = Debug|Any CPU
		{73C92821-27C6-4708-9407-2ACA5692539C}.Release|Any CPU.ActiveCfg = Release|Any CPU
		{73C92821-27C6-4708-9407-2ACA5692539C}.Release|Any CPU.Build.0 = Release|Any CPU
		{73C92821-27C6-4708-9407-2ACA5692539C}.Release|x64.ActiveCfg = Release|x64
		{73C92821-27C6-4708-9407-2ACA5692539C}.Release|x64.Build.0 = Release|x64
		{73C92821-27C6-4708-9407-2ACA5692539C}.Release|x86.ActiveCfg = Release|Any CPU
		{73C92821-27C6-4708-9407-2ACA5692539C}.Release|x86.Build.0 = Release|Any CPU
		{B172335D-3244-4721-8E9A-8E024A32C26F}.Debug|Any CPU.ActiveCfg = Debug|Any CPU
		{B172335D-3244-4721-8E9A-8E024A32C26F}.Debug|Any CPU.Build.0 = Debug|Any CPU
		{B172335D-3244-4721-8E9A-8E024A32C26F}.Debug|x64.ActiveCfg = Debug|x64
		{B172335D-3244-4721-8E9A-8E024A32C26F}.Debug|x64.Build.0 = Debug|x64
		{B172335D-3244-4721-8E9A-8E024A32C26F}.Debug|x86.ActiveCfg = Debug|Any CPU
		{B172335D-3244-4721-8E9A-8E024A32C26F}.Debug|x86.Build.0 = Debug|Any CPU
		{B172335D-3244-4721-8E9A-8E024A32C26F}.Release|Any CPU.ActiveCfg = Release|Any CPU
		{B172335D-3244-4721-8E9A-8E024A32C26F}.Release|Any CPU.Build.0 = Release|Any CPU
		{B172335D-3244-4721-8E9A-8E024A32C26F}.Release|x64.ActiveCfg = Release|x64
		{B172335D-3244-4721-8E9A-8E024A32C26F}.Release|x64.Build.0 = Release|x64
		{B172335D-3244-4721-8E9A-8E024A32C26F}.Release|x86.ActiveCfg = Release|Any CPU
		{B172335D-3244-4721-8E9A-8E024A32C26F}.Release|x86.Build.0 = Release|Any CPU
		{BB94047F-0B9D-4B54-ABCC-5495592CC9EF}.Debug|Any CPU.ActiveCfg = Debug|Any CPU
		{BB94047F-0B9D-4B54-ABCC-5495592CC9EF}.Debug|Any CPU.Build.0 = Debug|Any CPU
		{BB94047F-0B9D-4B54-ABCC-5495592CC9EF}.Debug|x64.ActiveCfg = Debug|x64
		{BB94047F-0B9D-4B54-ABCC-5495592CC9EF}.Debug|x64.Build.0 = Debug|x64
		{BB94047F-0B9D-4B54-ABCC-5495592CC9EF}.Debug|x86.ActiveCfg = Debug|Any CPU
		{BB94047F-0B9D-4B54-ABCC-5495592CC9EF}.Debug|x86.Build.0 = Debug|Any CPU
		{BB94047F-0B9D-4B54-ABCC-5495592CC9EF}.Release|Any CPU.ActiveCfg = Release|Any CPU
		{BB94047F-0B9D-4B54-ABCC-5495592CC9EF}.Release|Any CPU.Build.0 = Release|Any CPU
		{BB94047F-0B9D-4B54-ABCC-5495592CC9EF}.Release|x64.ActiveCfg = Release|x64
		{BB94047F-0B9D-4B54-ABCC-5495592CC9EF}.Release|x64.Build.0 = Release|x64
		{BB94047F-0B9D-4B54-ABCC-5495592CC9EF}.Release|x86.ActiveCfg = Release|Any CPU
		{BB94047F-0B9D-4B54-ABCC-5495592CC9EF}.Release|x86.Build.0 = Release|Any CPU
	EndGlobalSection
	GlobalSection(SolutionProperties) = preSolution
		HideSolutionNode = FALSE
	EndGlobalSection
	GlobalSection(ExtensibilityGlobals) = postSolution
		SolutionGuid = {666D7428-561B-440A-A0E3-D462159A9234}
	EndGlobalSection
EndGlobal
